
Microsoft Visual Studio Solution File, Format Version 12.00
# Visual Studio 14
VisualStudioVersion = 14.0.25420.1
MinimumVisualStudioVersion = 10.0.40219.1
Project("{FAE04EC0-301F-11D3-BF4B-00C04F79EFBC}") = "YT.CMS.Core", "YT.CMS.Core\YT.CMS.Core.csproj", "{5B3C19F0-7CD9-4053-8709-7407F6267D35}"
EndProject
Project("{FAE04EC0-301F-11D3-BF4B-00C04F79EFBC}") = "YT.CMS.Entity", "YT.CMS.Entity\YT.CMS.Entity.csproj", "{10C874AC-3DD3-4FBF-B51F-B2CE65A01668}"
EndProject
Project("{FAE04EC0-301F-11D3-BF4B-00C04F79EFBC}") = "YT.CMS.Mapping", "YT.CMS.Mapping\YT.CMS.Mapping.csproj", "{2B0A546B-D841-46A7-8A61-12F127E0AB19}"
EndProject
Project("{FAE04EC0-301F-11D3-BF4B-00C04F79EFBC}") = "YT.CMS.Respository", "YT.CMS.Respository\YT.CMS.Respository.csproj", "{67BF4538-8505-4350-AA77-50D8BED70F33}"
EndProject
Project("{FAE04EC0-301F-11D3-BF4B-00C04F79EFBC}") = "YT.CMS.IRespository", "YT.CMS.IBaseRespository\YT.CMS.IRespository.csproj", "{6FF59018-D521-47B1-A1EA-463F3703BDAA}"
EndProject
Project("{FAE04EC0-301F-11D3-BF4B-00C04F79EFBC}") = "YT.CMS.Common", "YT.CMS.Common\YT.CMS.Common.csproj", "{3F970A25-EB13-4BA2-8D53-EFA78AF14141}"
EndProject
Project("{FAE04EC0-301F-11D3-BF4B-00C04F79EFBC}") = "YT.CMS.WebApi", "YT.CMS.WebApi\YT.CMS.WebApi.csproj", "{4F288651-2CB1-4822-A5D1-C234D51A9533}"
EndProject
Global
	GlobalSection(SolutionConfigurationPlatforms) = preSolution
		Debug|Any CPU = Debug|Any CPU
		Release|Any CPU = Release|Any CPU
	EndGlobalSection
	GlobalSection(ProjectConfigurationPlatforms) = postSolution
		{5B3C19F0-7CD9-4053-8709-7407F6267D35}.Debug|Any CPU.ActiveCfg = Debug|Any CPU
		{5B3C19F0-7CD9-4053-8709-7407F6267D35}.Debug|Any CPU.Build.0 = Debug|Any CPU
		{5B3C19F0-7CD9-4053-8709-7407F6267D35}.Release|Any CPU.ActiveCfg = Release|Any CPU
		{5B3C19F0-7CD9-4053-8709-7407F6267D35}.Release|Any CPU.Build.0 = Release|Any CPU
		{10C874AC-3DD3-4FBF-B51F-B2CE65A01668}.Debug|Any CPU.ActiveCfg = Debug|Any CPU
		{10C874AC-3DD3-4FBF-B51F-B2CE65A01668}.Debug|Any CPU.Build.0 = Debug|Any CPU
		{10C874AC-3DD3-4FBF-B51F-B2CE65A01668}.Release|Any CPU.ActiveCfg = Release|Any CPU
		{10C874AC-3DD3-4FBF-B51F-B2CE65A01668}.Release|Any CPU.Build.0 = Release|Any CPU
		{2B0A546B-D841-46A7-8A61-12F127E0AB19}.Debug|Any CPU.ActiveCfg = Debug|Any CPU
		{2B0A546B-D841-46A7-8A61-12F127E0AB19}.Debug|Any CPU.Build.0 = Debug|Any CPU
		{2B0A546B-D841-46A7-8A61-12F127E0AB19}.Release|Any CPU.ActiveCfg = Release|Any CPU
		{2B0A546B-D841-46A7-8A61-12F127E0AB19}.Release|Any CPU.Build.0 = Release|Any CPU
		{67BF4538-8505-4350-AA77-50D8BED70F33}.Debug|Any CPU.ActiveCfg = Debug|Any CPU
		{67BF4538-8505-4350-AA77-50D8BED70F33}.Debug|Any CPU.Build.0 = Debug|Any CPU
		{67BF4538-8505-4350-AA77-50D8BED70F33}.Release|Any CPU.ActiveCfg = Release|Any CPU
		{67BF4538-8505-4350-AA77-50D8BED70F33}.Release|Any CPU.Build.0 = Release|Any CPU
		{6FF59018-D521-47B1-A1EA-463F3703BDAA}.Debug|Any CPU.ActiveCfg = Debug|Any CPU
		{6FF59018-D521-47B1-A1EA-463F3703BDAA}.Debug|Any CPU.Build.0 = Debug|Any CPU
		{6FF59018-D521-47B1-A1EA-463F3703BDAA}.Release|Any CPU.ActiveCfg = Release|Any CPU
		{6FF59018-D521-47B1-A1EA-463F3703BDAA}.Release|Any CPU.Build.0 = Release|Any CPU
		{3F970A25-EB13-4BA2-8D53-EFA78AF14141}.Debug|Any CPU.ActiveCfg = Debug|Any CPU
		{3F970A25-EB13-4BA2-8D53-EFA78AF14141}.Debug|Any CPU.Build.0 = Debug|Any CPU
		{3F970A25-EB13-4BA2-8D53-EFA78AF14141}.Release|Any CPU.ActiveCfg = Release|Any CPU
		{3F970A25-EB13-4BA2-8D53-EFA78AF14141}.Release|Any CPU.Build.0 = Release|Any CPU
		{4F288651-2CB1-4822-A5D1-C234D51A9533}.Debug|Any CPU.ActiveCfg = Debug|Any CPU
		{4F288651-2CB1-4822-A5D1-C234D51A9533}.Debug|Any CPU.Build.0 = Debug|Any CPU
		{4F288651-2CB1-4822-A5D1-C234D51A9533}.Release|Any CPU.ActiveCfg = Release|Any CPU
		{4F288651-2CB1-4822-A5D1-C234D51A9533}.Release|Any CPU.Build.0 = Release|Any CPU
	EndGlobalSection
	GlobalSection(SolutionProperties) = preSolution
		HideSolutionNode = FALSE
	EndGlobalSection
EndGlobal
